
Microsoft Visual Studio Solution File, Format Version 12.00
# Visual Studio Version 17
VisualStudioVersion = 17.5.002.0
MinimumVisualStudioVersion = 10.0.40219.1
Project("{9A19103F-16F7-4668-BE54-9A1E7A4F7556}") = "csharp", "csharp\csharp.csproj", "{1D2CD6C3-2816-42F3-AC4C-BBB8AF65E249}"
EndProject
Global
	GlobalSection(SolutionConfigurationPlatforms) = preSolution
		Debug|Any CPU = Debug|Any CPU
		Release|Any CPU = Release|Any CPU
	EndGlobalSection
	GlobalSection(ProjectConfigurationPlatforms) = postSolution
		{1D2CD6C3-2816-42F3-AC4C-BBB8AF65E249}.Debug|Any CPU.ActiveCfg = Debug|Any CPU
		{1D2CD6C3-2816-42F3-AC4C-BBB8AF65E249}.Debug|Any CPU.Build.0 = Debug|Any CPU
		{1D2CD6C3-2816-42F3-AC4C-BBB8AF65E249}.Release|Any CPU.ActiveCfg = Release|Any CPU
		{1D2CD6C3-2816-42F3-AC4C-BBB8AF65E249}.Release|Any CPU.Build.0 = Release|Any CPU
	EndGlobalSection
	GlobalSection(SolutionProperties) = preSolution
		HideSolutionNode = FALSE
	EndGlobalSection
	GlobalSection(ExtensibilityGlobals) = postSolution
		SolutionGuid = {2EA8C4BF-D9C9-4873-A6DD-A34116EB69B5}
	EndGlobalSection
EndGlobal
